{
  "name": "@echo-cli/exec",
  "version": "1.0.0",
  "lockfileVersion": 1,
  "requires": true,
  "dependencies": {
    "@echo-cli/package": {
      "version": "file:../../model/package",
      "requires": {
        "@echo-cli/format-path": "file:../../utils/format-path",
        "@echo-cli/utils": "file:../../utils/utils",
        "pkg-dir": "^5.0.0"
      },
      "dependencies": {
        "@echo-cli/format-path": {
          "version": "file:../../utils/format-path",
          "bundled": true
        },
        "@echo-cli/utils": {
          "version": "file:../../utils/utils",
          "bundled": true
        },
        "find-up": {
          "version": "5.0.0",
          "bundled": true,
          "requires": {
            "locate-path": "^6.0.0",
            "path-exists": "^4.0.0"
          }
        },
        "locate-path": {
          "version": "6.0.0",
          "bundled": true,
          "requires": {
            "p-locate": "^5.0.0"
          }
        },
        "p-limit": {
          "version": "3.1.0",
          "bundled": true,
          "requires": {
            "yocto-queue": "^0.1.0"
          }
        },
        "p-locate": {
          "version": "5.0.0",
          "bundled": true,
          "requires": {
            "p-limit": "^3.0.2"
          }
        },
        "path-exists": {
          "version": "4.0.0",
          "bundled": true
        },
        "pkg-dir": {
          "version": "5.0.0",
          "bundled": true,
          "requires": {
            "find-up": "^5.0.0"
          }
        },
        "yocto-queue": {
          "version": "0.1.0",
          "bundled": true
        }
      }
    }
  }
}
